
Microsoft Visual Studio Solution File, Format Version 12.00
# Visual Studio 15
VisualStudioVersion = 15.0.27130.2010
MinimumVisualStudioVersion = 10.0.40219.1
Project("{FAE04EC0-301F-11D3-BF4B-00C04F79EFBC}") = "getAddress", "getAddress\getAddress.csproj", "{C8AA6BAB-9A43-4FEE-A8E2-E098819B43E9}"
EndProject
Global
	GlobalSection(SolutionConfigurationPlatforms) = preSolution
		Debug|Any CPU = Debug|Any CPU
		Release|Any CPU = Release|Any CPU
	EndGlobalSection
	GlobalSection(ProjectConfigurationPlatforms) = postSolution
		{C8AA6BAB-9A43-4FEE-A8E2-E098819B43E9}.Debug|Any CPU.ActiveCfg = Debug|Any CPU
		{C8AA6BAB-9A43-4FEE-A8E2-E098819B43E9}.Debug|Any CPU.Build.0 = Debug|Any CPU
		{C8AA6BAB-9A43-4FEE-A8E2-E098819B43E9}.Release|Any CPU.ActiveCfg = Release|Any CPU
		{C8AA6BAB-9A43-4FEE-A8E2-E098819B43E9}.Release|Any CPU.Build.0 = Release|Any CPU
	EndGlobalSection
	GlobalSection(SolutionProperties) = preSolution
		HideSolutionNode = FALSE
	EndGlobalSection
	GlobalSection(ExtensibilityGlobals) = postSolution
		SolutionGuid = {57340035-5EC0-4554-9D6F-32D8AC1F59B7}
	EndGlobalSection
EndGlobal
